
Microsoft Visual Studio Solution File, Format Version 12.00
# Visual Studio 15
VisualStudioVersion = 15.0.27004.2008
MinimumVisualStudioVersion = 10.0.40219.1
Project("{8BC9CEB8-8B4A-11D0-8D11-00A0C91BC942}") = "单链表", "单链表.vcxproj", "{A3D7562C-1CE4-4EF1-A252-F478B27E3312}"
EndProject
Project("{8BC9CEB8-8B4A-11D0-8D11-00A0C91BC942}") = "Try", "Try\Try.vcxproj", "{9F60EA32-2743-4DC6-96F3-9AC8FACACECB}"
EndProject
Global
	GlobalSection(SolutionConfigurationPlatforms) = preSolution
		Debug|x64 = Debug|x64
		Debug|x86 = Debug|x86
		Release|x64 = Release|x64
		Release|x86 = Release|x86
	EndGlobalSection
	GlobalSection(ProjectConfigurationPlatforms) = postSolution
		{A3D7562C-1CE4-4EF1-A252-F478B27E3312}.Debug|x64.ActiveCfg = Debug|x64
		{A3D7562C-1CE4-4EF1-A252-F478B27E3312}.Debug|x64.Build.0 = Debug|x64
		{A3D7562C-1CE4-4EF1-A252-F478B27E3312}.Debug|x86.ActiveCfg = Debug|Win32
		{A3D7562C-1CE4-4EF1-A252-F478B27E3312}.Debug|x86.Build.0 = Debug|Win32
		{A3D7562C-1CE4-4EF1-A252-F478B27E3312}.Release|x64.ActiveCfg = Release|x64
		{A3D7562C-1CE4-4EF1-A252-F478B27E3312}.Release|x64.Build.0 = Release|x64
		{A3D7562C-1CE4-4EF1-A252-F478B27E3312}.Release|x86.ActiveCfg = Release|Win32
		{A3D7562C-1CE4-4EF1-A252-F478B27E3312}.Release|x86.Build.0 = Release|Win32
		{9F60EA32-2743-4DC6-96F3-9AC8FACACECB}.Debug|x64.ActiveCfg = Debug|x64
		{9F60EA32-2743-4DC6-96F3-9AC8FACACECB}.Debug|x64.Build.0 = Debug|x64
		{9F60EA32-2743-4DC6-96F3-9AC8FACACECB}.Debug|x86.ActiveCfg = Debug|Win32
		{9F60EA32-2743-4DC6-96F3-9AC8FACACECB}.Debug|x86.Build.0 = Debug|Win32
		{9F60EA32-2743-4DC6-96F3-9AC8FACACECB}.Release|x64.ActiveCfg = Release|x64
		{9F60EA32-2743-4DC6-96F3-9AC8FACACECB}.Release|x64.Build.0 = Release|x64
		{9F60EA32-2743-4DC6-96F3-9AC8FACACECB}.Release|x86.ActiveCfg = Release|Win32
		{9F60EA32-2743-4DC6-96F3-9AC8FACACECB}.Release|x86.Build.0 = Release|Win32
	EndGlobalSection
	GlobalSection(SolutionProperties) = preSolution
		HideSolutionNode = FALSE
	EndGlobalSection
	GlobalSection(ExtensibilityGlobals) = postSolution
		SolutionGuid = {20849227-A5E9-40E6-95FD-A956913A4FAB}
	EndGlobalSection
EndGlobal
